// !$*UTF8*$!
{
	archiveVersion = 1;
	classes = {
	};
	objectVersion = 46;
	objects = {

/* Begin PBXBuildFile section */
		26CAED501EAA126F00976F5E /* MP1Node.cpp in Sources */ = {isa = PBXBuildFile; fileRef = 26CAED3A1EAA126F00976F5E /* MP1Node.cpp */; };
		26CAED511EAA126F00976F5E /* Log.cpp in Sources */ = {isa = PBXBuildFile; fileRef = 26CAED421EAA126F00976F5E /* Log.cpp */; };
		26CAED521EAA126F00976F5E /* Member.cpp in Sources */ = {isa = PBXBuildFile; fileRef = 26CAED431EAA126F00976F5E /* Member.cpp */; };
		26CAED531EAA126F00976F5E /* Params.cpp in Sources */ = {isa = PBXBuildFile; fileRef = 26CAED441EAA126F00976F5E /* Params.cpp */; };
		26CAED541EAA126F00976F5E /* Application.cpp in Sources */ = {isa = PBXBuildFile; fileRef = 26CAED4A1EAA126F00976F5E /* Application.cpp */; };
		26CAED551EAA126F00976F5E /* Makefile in Sources */ = {isa = PBXBuildFile; fileRef = 26CAED4D1EAA126F00976F5E /* Makefile */; };
		26CAED561EAA126F00976F5E /* EmulNet.cpp in Sources */ = {isa = PBXBuildFile; fileRef = 26CAED4F1EAA126F00976F5E /* EmulNet.cpp */; };
/* End PBXBuildFile section */

/* Begin PBXCopyFilesBuildPhase section */
		26CAED2E1EAA118C00976F5E /* CopyFiles */ = {
			isa = PBXCopyFilesBuildPhase;
			buildActionMask = 2147483647;
			dstPath = /usr/share/man/man1/;
			dstSubfolderSpec = 0;
			files = (
			);
			runOnlyForDeploymentPostprocessing = 1;
		};
/* End PBXCopyFilesBuildPhase section */

/* Begin PBXFileReference section */
		26CAED301EAA118C00976F5E /* mp1 */ = {isa = PBXFileReference; explicitFileType = "compiled.mach-o.executable"; includeInIndex = 0; path = mp1; sourceTree = BUILT_PRODUCTS_DIR; };
		26CAED3A1EAA126F00976F5E /* MP1Node.cpp */ = {isa = PBXFileReference; fileEncoding = 4; lastKnownFileType = sourcecode.cpp.cpp; path = MP1Node.cpp; sourceTree = "<group>"; };
		26CAED3C1EAA126F00976F5E /* msgdropsinglefailure.conf */ = {isa = PBXFileReference; fileEncoding = 4; lastKnownFileType = text; path = msgdropsinglefailure.conf; sourceTree = "<group>"; };
		26CAED3D1EAA126F00976F5E /* multifailure.conf */ = {isa = PBXFileReference; fileEncoding = 4; lastKnownFileType = text; path = multifailure.conf; sourceTree = "<group>"; };
		26CAED3E1EAA126F00976F5E /* singlefailure.conf */ = {isa = PBXFileReference; fileEncoding = 4; lastKnownFileType = text; path = singlefailure.conf; sourceTree = "<group>"; };
		26CAED3F1EAA126F00976F5E /* Grader.sh */ = {isa = PBXFileReference; fileEncoding = 4; lastKnownFileType = text.script.sh; path = Grader.sh; sourceTree = "<group>"; };
		26CAED401EAA126F00976F5E /* run.sh */ = {isa = PBXFileReference; fileEncoding = 4; lastKnownFileType = text.script.sh; path = run.sh; sourceTree = "<group>"; };
		26CAED411EAA126F00976F5E /* submit.py */ = {isa = PBXFileReference; fileEncoding = 4; lastKnownFileType = text.script.python; path = submit.py; sourceTree = "<group>"; };
		26CAED421EAA126F00976F5E /* Log.cpp */ = {isa = PBXFileReference; fileEncoding = 4; lastKnownFileType = sourcecode.cpp.cpp; path = Log.cpp; sourceTree = "<group>"; };
		26CAED431EAA126F00976F5E /* Member.cpp */ = {isa = PBXFileReference; fileEncoding = 4; lastKnownFileType = sourcecode.cpp.cpp; path = Member.cpp; sourceTree = "<group>"; };
		26CAED441EAA126F00976F5E /* Params.cpp */ = {isa = PBXFileReference; fileEncoding = 4; lastKnownFileType = sourcecode.cpp.cpp; path = Params.cpp; sourceTree = "<group>"; };
		26CAED451EAA126F00976F5E /* Queue.h */ = {isa = PBXFileReference; fileEncoding = 4; lastKnownFileType = sourcecode.c.h; path = Queue.h; sourceTree = "<group>"; };
		26CAED461EAA126F00976F5E /* EmulNet.h */ = {isa = PBXFileReference; fileEncoding = 4; lastKnownFileType = sourcecode.c.h; path = EmulNet.h; sourceTree = "<group>"; };
		26CAED471EAA126F00976F5E /* Member.h */ = {isa = PBXFileReference; fileEncoding = 4; lastKnownFileType = sourcecode.c.h; path = Member.h; sourceTree = "<group>"; };
		26CAED481EAA126F00976F5E /* MP1Node.h */ = {isa = PBXFileReference; fileEncoding = 4; lastKnownFileType = sourcecode.c.h; path = MP1Node.h; sourceTree = "<group>"; };
		26CAED491EAA126F00976F5E /* Application.h */ = {isa = PBXFileReference; fileEncoding = 4; lastKnownFileType = sourcecode.c.h; path = Application.h; sourceTree = "<group>"; };
		26CAED4A1EAA126F00976F5E /* Application.cpp */ = {isa = PBXFileReference; fileEncoding = 4; lastKnownFileType = sourcecode.cpp.cpp; path = Application.cpp; sourceTree = "<group>"; };
		26CAED4B1EAA126F00976F5E /* Params.h */ = {isa = PBXFileReference; fileEncoding = 4; lastKnownFileType = sourcecode.c.h; path = Params.h; sourceTree = "<group>"; };
		26CAED4C1EAA126F00976F5E /* Log.h */ = {isa = PBXFileReference; fileEncoding = 4; lastKnownFileType = sourcecode.c.h; path = Log.h; sourceTree = "<group>"; };
		26CAED4D1EAA126F00976F5E /* Makefile */ = {isa = PBXFileReference; fileEncoding = 4; lastKnownFileType = sourcecode.make; path = Makefile; sourceTree = "<group>"; };
		26CAED4E1EAA126F00976F5E /* stdincludes.h */ = {isa = PBXFileReference; fileEncoding = 4; lastKnownFileType = sourcecode.c.h; path = stdincludes.h; sourceTree = "<group>"; };
		26CAED4F1EAA126F00976F5E /* EmulNet.cpp */ = {isa = PBXFileReference; fileEncoding = 4; lastKnownFileType = sourcecode.cpp.cpp; path = EmulNet.cpp; sourceTree = "<group>"; };
		26CAED581EAA12C900976F5E /* mp1_specifications.pdf */ = {isa = PBXFileReference; lastKnownFileType = image.pdf; path = mp1_specifications.pdf; sourceTree = "<group>"; };
/* End PBXFileReference section */

/* Begin PBXFrameworksBuildPhase section */
		26CAED2D1EAA118C00976F5E /* Frameworks */ = {
			isa = PBXFrameworksBuildPhase;
			buildActionMask = 2147483647;
			files = (
			);
			runOnlyForDeploymentPostprocessing = 0;
		};
/* End PBXFrameworksBuildPhase section */

/* Begin PBXGroup section */
		26CAED271EAA118C00976F5E = {
			isa = PBXGroup;
			children = (
				26CAED321EAA118C00976F5E /* mp1 */,
				26CAED311EAA118C00976F5E /* Products */,
			);
			sourceTree = "<group>";
		};
		26CAED311EAA118C00976F5E /* Products */ = {
			isa = PBXGroup;
			children = (
				26CAED301EAA118C00976F5E /* mp1 */,
			);
			name = Products;
			sourceTree = "<group>";
		};
		26CAED321EAA118C00976F5E /* mp1 */ = {
			isa = PBXGroup;
			children = (
				26CAED571EAA128000976F5E /* docs */,
				26CAED3A1EAA126F00976F5E /* MP1Node.cpp */,
				26CAED3B1EAA126F00976F5E /* testcases */,
				26CAED3F1EAA126F00976F5E /* Grader.sh */,
				26CAED401EAA126F00976F5E /* run.sh */,
				26CAED411EAA126F00976F5E /* submit.py */,
				26CAED421EAA126F00976F5E /* Log.cpp */,
				26CAED431EAA126F00976F5E /* Member.cpp */,
				26CAED441EAA126F00976F5E /* Params.cpp */,
				26CAED451EAA126F00976F5E /* Queue.h */,
				26CAED461EAA126F00976F5E /* EmulNet.h */,
				26CAED471EAA126F00976F5E /* Member.h */,
				26CAED481EAA126F00976F5E /* MP1Node.h */,
				26CAED491EAA126F00976F5E /* Application.h */,
				26CAED4A1EAA126F00976F5E /* Application.cpp */,
				26CAED4B1EAA126F00976F5E /* Params.h */,
				26CAED4C1EAA126F00976F5E /* Log.h */,
				26CAED4D1EAA126F00976F5E /* Makefile */,
				26CAED4E1EAA126F00976F5E /* stdincludes.h */,
				26CAED4F1EAA126F00976F5E /* EmulNet.cpp */,
			);
			path = mp1;
			sourceTree = "<group>";
		};
		26CAED3B1EAA126F00976F5E /* testcases */ = {
			isa = PBXGroup;
			children = (
				26CAED3C1EAA126F00976F5E /* msgdropsinglefailure.conf */,
				26CAED3D1EAA126F00976F5E /* multifailure.conf */,
				26CAED3E1EAA126F00976F5E /* singlefailure.conf */,
			);
			path = testcases;
			sourceTree = "<group>";
		};
		26CAED571EAA128000976F5E /* docs */ = {
			isa = PBXGroup;
			children = (
				26CAED581EAA12C900976F5E /* mp1_specifications.pdf */,
			);
			name = docs;
			sourceTree = "<group>";
		};
/* End PBXGroup section */

/* Begin PBXNativeTarget section */
		26CAED2F1EAA118C00976F5E /* mp1 */ = {
			isa = PBXNativeTarget;
			buildConfigurationList = 26CAED371EAA118C00976F5E /* Build configuration list for PBXNativeTarget "mp1" */;
			buildPhases = (
				26CAED2C1EAA118C00976F5E /* Sources */,
				26CAED2D1EAA118C00976F5E /* Frameworks */,
				26CAED2E1EAA118C00976F5E /* CopyFiles */,
			);
			buildRules = (
			);
			dependencies = (
			);
			name = mp1;
			productName = mp1;
			productReference = 26CAED301EAA118C00976F5E /* mp1 */;
			productType = "com.apple.product-type.tool";
		};
/* End PBXNativeTarget section */

/* Begin PBXProject section */
		26CAED281EAA118C00976F5E /* Project object */ = {
			isa = PBXProject;
			attributes = {
				LastUpgradeCheck = 0820;
				ORGANIZATIONNAME = calvin;
				TargetAttributes = {
					26CAED2F1EAA118C00976F5E = {
						CreatedOnToolsVersion = 8.2.1;
						ProvisioningStyle = Automatic;
					};
				};
			};
			buildConfigurationList = 26CAED2B1EAA118C00976F5E /* Build configuration list for PBXProject "mp1" */;
			compatibilityVersion = "Xcode 3.2";
			developmentRegion = English;
			hasScannedForEncodings = 0;
			knownRegions = (
				en,
			);
			mainGroup = 26CAED271EAA118C00976F5E;
			productRefGroup = 26CAED311EAA118C00976F5E /* Products */;
			projectDirPath = "";
			projectRoot = "";
			targets = (
				26CAED2F1EAA118C00976F5E /* mp1 */,
			);
		};
/* End PBXProject section */

/* Begin PBXSourcesBuildPhase section */
		26CAED2C1EAA118C00976F5E /* Sources */ = {
			isa = PBXSourcesBuildPhase;
			buildActionMask = 2147483647;
			files = (
				26CAED551EAA126F00976F5E /* Makefile in Sources */,
				26CAED561EAA126F00976F5E /* EmulNet.cpp in Sources */,
				26CAED521EAA126F00976F5E /* Member.cpp in Sources */,
				26CAED511EAA126F00976F5E /* Log.cpp in Sources */,
				26CAED541EAA126F00976F5E /* Application.cpp in Sources */,
				26CAED501EAA126F00976F5E /* MP1Node.cpp in Sources */,
				26CAED531EAA126F00976F5E /* Params.cpp in Sources */,
			);
			runOnlyForDeploymentPostprocessing = 0;
		};
/* End PBXSourcesBuildPhase section */

/* Begin XCBuildConfiguration section */
		26CAED351EAA118C00976F5E /* Debug */ = {
			isa = XCBuildConfiguration;
			buildSettings = {
				ALWAYS_SEARCH_USER_PATHS = NO;
				CLANG_ANALYZER_NONNULL = YES;
				CLANG_CXX_LANGUAGE_STANDARD = "gnu++0x";
				CLANG_CXX_LIBRARY = "libc++";
				CLANG_ENABLE_MODULES = YES;
				CLANG_ENABLE_OBJC_ARC = YES;
				CLANG_WARN_BOOL_CONVERSION = YES;
				CLANG_WARN_CONSTANT_CONVERSION = YES;
				CLANG_WARN_DIRECT_OBJC_ISA_USAGE = YES_ERROR;
				CLANG_WARN_DOCUMENTATION_COMMENTS = YES;
				CLANG_WARN_EMPTY_BODY = YES;
				CLANG_WARN_ENUM_CONVERSION = YES;
				CLANG_WARN_INFINITE_RECURSION = YES;
				CLANG_WARN_INT_CONVERSION = YES;
				CLANG_WARN_OBJC_ROOT_CLASS = YES_ERROR;
				CLANG_WARN_SUSPICIOUS_MOVE = YES;
				CLANG_WARN_UNREACHABLE_CODE = YES;
				CLANG_WARN__DUPLICATE_METHOD_MATCH = YES;
				CODE_SIGN_IDENTITY = "-";
				COPY_PHASE_STRIP = NO;
				DEBUG_INFORMATION_FORMAT = dwarf;
				ENABLE_STRICT_OBJC_MSGSEND = YES;
				ENABLE_TESTABILITY = YES;
				GCC_C_LANGUAGE_STANDARD = gnu99;
				GCC_DYNAMIC_NO_PIC = NO;
				GCC_NO_COMMON_BLOCKS = YES;
				GCC_OPTIMIZATION_LEVEL = 0;
				GCC_PREPROCESSOR_DEFINITIONS = (
					"DEBUG=1",
					"$(inherited)",
				);
				GCC_WARN_64_TO_32_BIT_CONVERSION = YES;
				GCC_WARN_ABOUT_RETURN_TYPE = YES_ERROR;
				GCC_WARN_UNDECLARED_SELECTOR = YES;
				GCC_WARN_UNINITIALIZED_AUTOS = YES_AGGRESSIVE;
				GCC_WARN_UNUSED_FUNCTION = YES;
				GCC_WARN_UNUSED_VARIABLE = YES;
				MACOSX_DEPLOYMENT_TARGET = 10.11;
				MTL_ENABLE_DEBUG_INFO = YES;
				ONLY_ACTIVE_ARCH = YES;
				SDKROOT = macosx;
			};
			name = Debug;
		};
		26CAED361EAA118C00976F5E /* Release */ = {
			isa = XCBuildConfiguration;
			buildSettings = {
				ALWAYS_SEARCH_USER_PATHS = NO;
				CLANG_ANALYZER_NONNULL = YES;
				CLANG_CXX_LANGUAGE_STANDARD = "gnu++0x";
				CLANG_CXX_LIBRARY = "libc++";
				CLANG_ENABLE_MODULES = YES;
				CLANG_ENABLE_OBJC_ARC = YES;
				CLANG_WARN_BOOL_CONVERSION = YES;
				CLANG_WARN_CONSTANT_CONVERSION = YES;
				CLANG_WARN_DIRECT_OBJC_ISA_USAGE = YES_ERROR;
				CLANG_WARN_DOCUMENTATION_COMMENTS = YES;
				CLANG_WARN_EMPTY_BODY = YES;
				CLANG_WARN_ENUM_CONVERSION = YES;
				CLANG_WARN_INFINITE_RECURSION = YES;
				CLANG_WARN_INT_CONVERSION = YES;
				CLANG_WARN_OBJC_ROOT_CLASS = YES_ERROR;
				CLANG_WARN_SUSPICIOUS_MOVE = YES;
				CLANG_WARN_UNREACHABLE_CODE = YES;
				CLANG_WARN__DUPLICATE_METHOD_MATCH = YES;
				CODE_SIGN_IDENTITY = "-";
				COPY_PHASE_STRIP = NO;
				DEBUG_INFORMATION_FORMAT = "dwarf-with-dsym";
				ENABLE_NS_ASSERTIONS = NO;
				ENABLE_STRICT_OBJC_MSGSEND = YES;
				GCC_C_LANGUAGE_STANDARD = gnu99;
				GCC_NO_COMMON_BLOCKS = YES;
				GCC_WARN_64_TO_32_BIT_CONVERSION = YES;
				GCC_WARN_ABOUT_RETURN_TYPE = YES_ERROR;
				GCC_WARN_UNDECLARED_SELECTOR = YES;
				GCC_WARN_UNINITIALIZED_AUTOS = YES_AGGRESSIVE;
				GCC_WARN_UNUSED_FUNCTION = YES;
				GCC_WARN_UNUSED_VARIABLE = YES;
				MACOSX_DEPLOYMENT_TARGET = 10.11;
				MTL_ENABLE_DEBUG_INFO = NO;
				SDKROOT = macosx;
			};
			name = Release;
		};
		26CAED381EAA118C00976F5E /* Debug */ = {
			isa = XCBuildConfiguration;
			buildSettings = {
				PRODUCT_NAME = "$(TARGET_NAME)";
			};
			name = Debug;
		};
		26CAED391EAA118C00976F5E /* Release */ = {
			isa = XCBuildConfiguration;
			buildSettings = {
				PRODUCT_NAME = "$(TARGET_NAME)";
			};
			name = Release;
		};
/* End XCBuildConfiguration section */

/* Begin XCConfigurationList section */
		26CAED2B1EAA118C00976F5E /* Build configuration list for PBXProject "mp1" */ = {
			isa = XCConfigurationList;
			buildConfigurations = (
				26CAED351EAA118C00976F5E /* Debug */,
				26CAED361EAA118C00976F5E /* Release */,
			);
			defaultConfigurationIsVisible = 0;
			defaultConfigurationName = Release;
		};
		26CAED371EAA118C00976F5E /* Build configuration list for PBXNativeTarget "mp1" */ = {
			isa = XCConfigurationList;
			buildConfigurations = (
				26CAED381EAA118C00976F5E /* Debug */,
				26CAED391EAA118C00976F5E /* Release */,
			);
			defaultConfigurationIsVisible = 0;
		};
/* End XCConfigurationList section */
	};
	rootObject = 26CAED281EAA118C00976F5E /* Project object */;
}
